
Microsoft Visual Studio Solution File, Format Version 12.00
# Visual Studio Version 16
VisualStudioVersion = 16.0.30621.155
MinimumVisualStudioVersion = 10.0.40219.1
Project("{FAE04EC0-301F-11D3-BF4B-00C04F79EFBC}") = "3870_TranVietSinh", "3870_TranVietSinh\3870_TranVietSinh.csproj", "{FD1807F0-BD7C-4956-8E80-740679028A72}"
EndProject
Global
	GlobalSection(SolutionConfigurationPlatforms) = preSolution
		Debug|Any CPU = Debug|Any CPU
		Release|Any CPU = Release|Any CPU
	EndGlobalSection
	GlobalSection(ProjectConfigurationPlatforms) = postSolution
		{FD1807F0-BD7C-4956-8E80-740679028A72}.Debug|Any CPU.ActiveCfg = Debug|Any CPU
		{FD1807F0-BD7C-4956-8E80-740679028A72}.Debug|Any CPU.Build.0 = Debug|Any CPU
		{FD1807F0-BD7C-4956-8E80-740679028A72}.Release|Any CPU.ActiveCfg = Release|Any CPU
		{FD1807F0-BD7C-4956-8E80-740679028A72}.Release|Any CPU.Build.0 = Release|Any CPU
	EndGlobalSection
	GlobalSection(SolutionProperties) = preSolution
		HideSolutionNode = FALSE
	EndGlobalSection
	GlobalSection(ExtensibilityGlobals) = postSolution
		SolutionGuid = {A9A47924-1DFA-4944-8303-DC099A7BE32C}
	EndGlobalSection
EndGlobal
